
Microsoft Visual Studio Solution File, Format Version 12.00
# Visual Studio Version 17
VisualStudioVersion = 17.4.33205.214
MinimumVisualStudioVersion = 10.0.40219.1
Project("{FAE04EC0-301F-11D3-BF4B-00C04F79EFBC}") = "Bonus", "Bonus.csproj", "{D3E10B41-7265-451C-9A7F-AEC3B2DDFDA2}"
EndProject
Global
	GlobalSection(SolutionConfigurationPlatforms) = preSolution
		Debug|Any CPU = Debug|Any CPU
		Release|Any CPU = Release|Any CPU
	EndGlobalSection
	GlobalSection(ProjectConfigurationPlatforms) = postSolution
		{D3E10B41-7265-451C-9A7F-AEC3B2DDFDA2}.Debug|Any CPU.ActiveCfg = Debug|Any CPU
		{D3E10B41-7265-451C-9A7F-AEC3B2DDFDA2}.Debug|Any CPU.Build.0 = Debug|Any CPU
		{D3E10B41-7265-451C-9A7F-AEC3B2DDFDA2}.Release|Any CPU.ActiveCfg = Release|Any CPU
		{D3E10B41-7265-451C-9A7F-AEC3B2DDFDA2}.Release|Any CPU.Build.0 = Release|Any CPU
	EndGlobalSection
	GlobalSection(SolutionProperties) = preSolution
		HideSolutionNode = FALSE
	EndGlobalSection
	GlobalSection(ExtensibilityGlobals) = postSolution
		SolutionGuid = {42E2E296-D9B9-42D0-9575-19DB86341E2C}
	EndGlobalSection
EndGlobal
